{
  "pins" : [
    {
      "identity" : "swift-syntax",
      "kind" : "remoteSourceControl",
      "location" : "https://github.com/swiftlang/swift-syntax.git",
      "state" : {
        "revision" : "9de99a78f099e59caf2b2beec65a4c45d54b2081",
        "version" : "603.0.1"
      }
    },
    {
      "identity" : "swift-testing",
      "kind" : "remoteSourceControl",
      "location" : "https://github.com/swiftlang/swift-testing.git",
      "state" : {
        "revision" : "980fec0f03c56f771acfcc5be472d44df9245117"
      }
    }
  ],
  "version" : 2
}
